
Microsoft Visual Studio Solution File, Format Version 12.00
# Visual Studio 15
Project("{FAE04EC0-301F-11D3-BF4B-00C04F79EFBC}") = "Assembly-CSharp", "Assembly-CSharp.csproj", "{3AAE80FB-A1DB-6759-FDC4-8B731B6AA76D}"
EndProject
Project("{FAE04EC0-301F-11D3-BF4B-00C04F79EFBC}") = "Assembly-CSharp-firstpass", "Assembly-CSharp-firstpass.csproj", "{34F05F3A-D93D-9D52-81A5-0DAD07E43F08}"
EndProject
Project("{FAE04EC0-301F-11D3-BF4B-00C04F79EFBC}") = "Assembly-CSharp-Editor-firstpass", "Assembly-CSharp-Editor-firstpass.csproj", "{8B47DC73-4130-E9FC-5ECE-80EB3A2126B2}"
EndProject
Global
	GlobalSection(SolutionConfigurationPlatforms) = preSolution
		Debug|Any CPU = Debug|Any CPU
		Release|Any CPU = Release|Any CPU
	EndGlobalSection
	GlobalSection(ProjectConfigurationPlatforms) = postSolution
		{3AAE80FB-A1DB-6759-FDC4-8B731B6AA76D}.Debug|Any CPU.ActiveCfg = Debug|Any CPU
		{3AAE80FB-A1DB-6759-FDC4-8B731B6AA76D}.Debug|Any CPU.Build.0 = Debug|Any CPU
		{3AAE80FB-A1DB-6759-FDC4-8B731B6AA76D}.Release|Any CPU.ActiveCfg = Release|Any CPU
		{3AAE80FB-A1DB-6759-FDC4-8B731B6AA76D}.Release|Any CPU.Build.0 = Release|Any CPU
		{34F05F3A-D93D-9D52-81A5-0DAD07E43F08}.Debug|Any CPU.ActiveCfg = Debug|Any CPU
		{34F05F3A-D93D-9D52-81A5-0DAD07E43F08}.Debug|Any CPU.Build.0 = Debug|Any CPU
		{34F05F3A-D93D-9D52-81A5-0DAD07E43F08}.Release|Any CPU.ActiveCfg = Release|Any CPU
		{34F05F3A-D93D-9D52-81A5-0DAD07E43F08}.Release|Any CPU.Build.0 = Release|Any CPU
		{8B47DC73-4130-E9FC-5ECE-80EB3A2126B2}.Debug|Any CPU.ActiveCfg = Debug|Any CPU
		{8B47DC73-4130-E9FC-5ECE-80EB3A2126B2}.Debug|Any CPU.Build.0 = Debug|Any CPU
		{8B47DC73-4130-E9FC-5ECE-80EB3A2126B2}.Release|Any CPU.ActiveCfg = Release|Any CPU
		{8B47DC73-4130-E9FC-5ECE-80EB3A2126B2}.Release|Any CPU.Build.0 = Release|Any CPU
	EndGlobalSection
	GlobalSection(SolutionProperties) = preSolution
		HideSolutionNode = FALSE
	EndGlobalSection
EndGlobal
